
Microsoft Visual Studio Solution File, Format Version 12.00
# Visual Studio Version 17
VisualStudioVersion = 17.7.34031.279
MinimumVisualStudioVersion = 10.0.40219.1
Project("{FAE04EC0-301F-11D3-BF4B-00C04F79EFBC}") = "SQLConnectionTutorial", "SQLConnectionTutorial\SQLConnectionTutorial.csproj", "{31D31289-14EC-4CCA-A8D8-DF2F61B73BBB}"
EndProject
Global
	GlobalSection(SolutionConfigurationPlatforms) = preSolution
		Debug|Any CPU = Debug|Any CPU
		Release|Any CPU = Release|Any CPU
	EndGlobalSection
	GlobalSection(ProjectConfigurationPlatforms) = postSolution
		{31D31289-14EC-4CCA-A8D8-DF2F61B73BBB}.Debug|Any CPU.ActiveCfg = Debug|Any CPU
		{31D31289-14EC-4CCA-A8D8-DF2F61B73BBB}.Debug|Any CPU.Build.0 = Debug|Any CPU
		{31D31289-14EC-4CCA-A8D8-DF2F61B73BBB}.Release|Any CPU.ActiveCfg = Release|Any CPU
		{31D31289-14EC-4CCA-A8D8-DF2F61B73BBB}.Release|Any CPU.Build.0 = Release|Any CPU
	EndGlobalSection
	GlobalSection(SolutionProperties) = preSolution
		HideSolutionNode = FALSE
	EndGlobalSection
	GlobalSection(ExtensibilityGlobals) = postSolution
		SolutionGuid = {72032DB1-834D-4202-9DFF-29CC30F9E297}
	EndGlobalSection
EndGlobal
